
Microsoft Visual Studio Solution File, Format Version 12.00
# Visual Studio Version 16
VisualStudioVersion = 16.0.30011.22
MinimumVisualStudioVersion = 10.0.40219.1
Project("{FAE04EC0-301F-11D3-BF4B-00C04F79EFBC}") = "LibraryManager", "LibraryManager\LibraryManager.csproj", "{EF1F7766-3306-4517-B9C4-4765E74A268E}"
EndProject
Project("{FAE04EC0-301F-11D3-BF4B-00C04F79EFBC}") = "LibraryManager.BusinessLogic", "LibraryManager.BusinessLogic\LibraryManager.BusinessLogic.csproj", "{BB0D2A35-86CA-4B45-A10B-146B0D3091C9}"
EndProject
Global
	GlobalSection(SolutionConfigurationPlatforms) = preSolution
		Debug|Any CPU = Debug|Any CPU
		Release|Any CPU = Release|Any CPU
	EndGlobalSection
	GlobalSection(ProjectConfigurationPlatforms) = postSolution
		{EF1F7766-3306-4517-B9C4-4765E74A268E}.Debug|Any CPU.ActiveCfg = Debug|Any CPU
		{EF1F7766-3306-4517-B9C4-4765E74A268E}.Debug|Any CPU.Build.0 = Debug|Any CPU
		{EF1F7766-3306-4517-B9C4-4765E74A268E}.Release|Any CPU.ActiveCfg = Release|Any CPU
		{EF1F7766-3306-4517-B9C4-4765E74A268E}.Release|Any CPU.Build.0 = Release|Any CPU
		{BB0D2A35-86CA-4B45-A10B-146B0D3091C9}.Debug|Any CPU.ActiveCfg = Debug|Any CPU
		{BB0D2A35-86CA-4B45-A10B-146B0D3091C9}.Debug|Any CPU.Build.0 = Debug|Any CPU
		{BB0D2A35-86CA-4B45-A10B-146B0D3091C9}.Release|Any CPU.ActiveCfg = Release|Any CPU
		{BB0D2A35-86CA-4B45-A10B-146B0D3091C9}.Release|Any CPU.Build.0 = Release|Any CPU
	EndGlobalSection
	GlobalSection(SolutionProperties) = preSolution
		HideSolutionNode = FALSE
	EndGlobalSection
	GlobalSection(ExtensibilityGlobals) = postSolution
		SolutionGuid = {635D59AD-174A-448C-8770-1646FCA7F6C2}
	EndGlobalSection
EndGlobal
